
Microsoft Visual Studio Solution File, Format Version 12.00
# Visual Studio Version 16
VisualStudioVersion = 16.0.30804.86
MinimumVisualStudioVersion = 10.0.40219.1
Project("{FAE04EC0-301F-11D3-BF4B-00C04F79EFBC}") = "keycloak-api", "keycloak-api\keycloak-api.csproj", "{7ECD1FDE-7B01-4AC7-89E8-E057B571AB22}"
EndProject
Global
	GlobalSection(SolutionConfigurationPlatforms) = preSolution
		Debug|Any CPU = Debug|Any CPU
		Release|Any CPU = Release|Any CPU
	EndGlobalSection
	GlobalSection(ProjectConfigurationPlatforms) = postSolution
		{7ECD1FDE-7B01-4AC7-89E8-E057B571AB22}.Debug|Any CPU.ActiveCfg = Debug|Any CPU
		{7ECD1FDE-7B01-4AC7-89E8-E057B571AB22}.Debug|Any CPU.Build.0 = Debug|Any CPU
		{7ECD1FDE-7B01-4AC7-89E8-E057B571AB22}.Release|Any CPU.ActiveCfg = Release|Any CPU
		{7ECD1FDE-7B01-4AC7-89E8-E057B571AB22}.Release|Any CPU.Build.0 = Release|Any CPU
	EndGlobalSection
	GlobalSection(SolutionProperties) = preSolution
		HideSolutionNode = FALSE
	EndGlobalSection
	GlobalSection(ExtensibilityGlobals) = postSolution
		SolutionGuid = {ECDA9C90-12BD-4729-8F21-5BF3AC4EB617}
	EndGlobalSection
EndGlobal
